
Microsoft Visual Studio Solution File, Format Version 12.00
# Visual Studio Version 16
VisualStudioVersion = 16.0.29806.167
MinimumVisualStudioVersion = 10.0.40219.1
Project("{FAE04EC0-301F-11D3-BF4B-00C04F79EFBC}") = "canvas", "canvas\canvas.csproj", "{7B18A061-5472-4D0E-8CEB-B17C5A9E05D9}"
EndProject
Project("{FAE04EC0-301F-11D3-BF4B-00C04F79EFBC}") = "application page", "..\application page\application page\application page.csproj", "{98340386-687D-47F4-8F31-CD7A0A1FEA94}"
EndProject
Global
	GlobalSection(SolutionConfigurationPlatforms) = preSolution
		Debug|Any CPU = Debug|Any CPU
		Release|Any CPU = Release|Any CPU
	EndGlobalSection
	GlobalSection(ProjectConfigurationPlatforms) = postSolution
		{7B18A061-5472-4D0E-8CEB-B17C5A9E05D9}.Debug|Any CPU.ActiveCfg = Debug|Any CPU
		{7B18A061-5472-4D0E-8CEB-B17C5A9E05D9}.Debug|Any CPU.Build.0 = Debug|Any CPU
		{7B18A061-5472-4D0E-8CEB-B17C5A9E05D9}.Release|Any CPU.ActiveCfg = Release|Any CPU
		{7B18A061-5472-4D0E-8CEB-B17C5A9E05D9}.Release|Any CPU.Build.0 = Release|Any CPU
		{98340386-687D-47F4-8F31-CD7A0A1FEA94}.Debug|Any CPU.ActiveCfg = Debug|Any CPU
		{98340386-687D-47F4-8F31-CD7A0A1FEA94}.Debug|Any CPU.Build.0 = Debug|Any CPU
		{98340386-687D-47F4-8F31-CD7A0A1FEA94}.Release|Any CPU.ActiveCfg = Release|Any CPU
		{98340386-687D-47F4-8F31-CD7A0A1FEA94}.Release|Any CPU.Build.0 = Release|Any CPU
	EndGlobalSection
	GlobalSection(SolutionProperties) = preSolution
		HideSolutionNode = FALSE
	EndGlobalSection
	GlobalSection(ExtensibilityGlobals) = postSolution
		SolutionGuid = {57F18E4D-2080-4B7C-A5C4-C160D0D0D2E0}
	EndGlobalSection
EndGlobal
